# @generated by Move, please check-in and do not edit manually.

[move]
version = 3
manifest_digest = "562C73A7B637DC670097EB58F65F827CA6EE2832D0394AB90C7A9E3B549426C3"
deps_digest = "3C4103934B1E040BB6B23F1D610B4EF9F2F1166A50A104EADCF77467C004C600"
dependencies = [
  { id = "Sui", name = "Sui" },
  { id = "suins", name = "suins" },
]

[[move.package]]
id = "MoveStdlib"
source = { git = "https://github.com/MystenLabs/sui.git", rev = "framework/mainnet", subdir = "crates/sui-framework/packages/move-stdlib" }

[[move.package]]
id = "Sui"
source = { git = "https://github.com/MystenLabs/sui.git", rev = "framework/mainnet", subdir = "crates/sui-framework/packages/sui-framework" }

dependencies = [
  { id = "MoveStdlib", name = "MoveStdlib" },
]

[[move.package]]
id = "suins"
source = { git = "https://github.com/MystenLabs/suins-contracts", rev = "releases/core/4", subdir = "packages/suins" }

dependencies = [
  { id = "Sui", name = "Sui" },
]

[move.toolchain-version]
compiler-version = "1.49.2"
edition = "2024.beta"
flavor = "sui"

[env]

[env.mainnet]
chain-id = "35834a8a"
original-published-id = "0x089f55bd9688de9d0cd9ce031997a1ef78b5f7df6ad0b92e738720065fe235e7"
latest-published-id = "0x089f55bd9688de9d0cd9ce031997a1ef78b5f7df6ad0b92e738720065fe235e7"
published-version = "1"

[env.testnet]
chain-id = "4c78adac"
original-published-id = "0x038d69cfa386ef00a4bdb01e7d0025e55bee3a1992e696b8e581856575abbcea"
latest-published-id = "0x038d69cfa386ef00a4bdb01e7d0025e55bee3a1992e696b8e581856575abbcea"
published-version = "1"
