# @generated by Move, please check-in and do not edit manually.

[move]
version = 3
manifest_digest = "D95483F3AA97A097F21AFF844F2098C930F47A2A23C8235FC496A17D7BBC2CD9"
deps_digest = "F8BBB0CCB2491CA29A3DF03D6F92277A4F3574266507ACD77214D37ECA3F3082"
dependencies = [
  { id = "Sui", name = "Sui" },
]

[[move.package]]
id = "MoveStdlib"
source = { git = "https://github.com/MystenLabs/sui.git", rev = "framework/mainnet", subdir = "crates/sui-framework/packages/move-stdlib" }

[[move.package]]
id = "Sui"
source = { git = "https://github.com/MystenLabs/sui.git", rev = "framework/mainnet", subdir = "crates/sui-framework/packages/sui-framework" }

dependencies = [
  { id = "MoveStdlib", name = "MoveStdlib" },
]

[move.toolchain-version]
compiler-version = "1.51.1"
edition = "2024.beta"
flavor = "sui"

[env]

[env.mainnet]
chain-id = "35834a8a"
original-published-id = "0xd01c7f58fb5b296b8f0f45dd63cac5cb696cee439ff174ff4bb1504a5c5b0d9d"
latest-published-id = "0xd01c7f58fb5b296b8f0f45dd63cac5cb696cee439ff174ff4bb1504a5c5b0d9d"
published-version = "1"

[env.testnet]
chain-id = "4c78adac"
original-published-id = "0xd492e219283e70200464d677d712f470d3ea99fe9c8bcb969f239511fa831bff"
latest-published-id = "0xd492e219283e70200464d677d712f470d3ea99fe9c8bcb969f239511fa831bff"
published-version = "1"

[env.testnet_3]
chain-id = "4c78adac"
original-published-id = "0x0000000000000000000000000000000000000000000000000000000000000000"
latest-published-id = "0x24ba8d3ab7efa430289d760257b7aac147ab313c5bf0bee9c35c1d8bc013edb9"
published-version = "1"
