# @generated by Move, please check-in and do not edit manually.

[move]
version = 3
manifest_digest = "562C73A7B637DC670097EB58F65F827CA6EE2832D0394AB90C7A9E3B549426C3"
deps_digest = "3C4103934B1E040BB6B23F1D610B4EF9F2F1166A50A104EADCF77467C004C600"
dependencies = [
  { id = "Sui", name = "Sui" },
  { id = "suins", name = "suins" },
]

[[move.package]]
id = "MoveStdlib"
source = { git = "https://github.com/MystenLabs/sui.git", rev = "framework/mainnet", subdir = "crates/sui-framework/packages/move-stdlib" }

[[move.package]]
id = "Sui"
source = { git = "https://github.com/MystenLabs/sui.git", rev = "framework/mainnet", subdir = "crates/sui-framework/packages/sui-framework" }

dependencies = [
  { id = "MoveStdlib", name = "MoveStdlib" },
]

[[move.package]]
id = "suins"
source = { git = "https://github.com/MystenLabs/suins-contracts", rev = "releases/core/4", subdir = "packages/suins" }

dependencies = [
  { id = "Sui", name = "Sui" },
]

[move.toolchain-version]
compiler-version = "1.50.1"
edition = "2024.beta"
flavor = "sui"

[env]

[env.mainnet]
chain-id = "35834a8a"
original-published-id = "0x4a031f9f496f6f1488fe1e1fb2f6d05ac1bcb9a76a45e898c3dd0a4c3e1336f9"
latest-published-id = "0x4a031f9f496f6f1488fe1e1fb2f6d05ac1bcb9a76a45e898c3dd0a4c3e1336f9"
published-version = "1"

[env.testnet]
chain-id = "4c78adac"
original-published-id = "0xc0787aa5fbdbc39cdf5c80b8066fcb3b90999c63ce985d9530499d358c9ca6e1"
latest-published-id = "0xc0787aa5fbdbc39cdf5c80b8066fcb3b90999c63ce985d9530499d358c9ca6e1"
published-version = "1"
